
Microsoft Visual Studio Solution File, Format Version 12.00
# Visual Studio Version 17
VisualStudioVersion = 17.6.33829.357
MinimumVisualStudioVersion = 10.0.40219.1
Project("{FAE04EC0-301F-11D3-BF4B-00C04F79EFBC}") = "ConsoleApp27", "ConsoleApp27.csproj", "{605F25B4-F94D-4A8D-A44F-8AFC632C0FF8}"
EndProject
Global
	GlobalSection(SolutionConfigurationPlatforms) = preSolution
		Debug|Any CPU = Debug|Any CPU
		Release|Any CPU = Release|Any CPU
	EndGlobalSection
	GlobalSection(ProjectConfigurationPlatforms) = postSolution
		{605F25B4-F94D-4A8D-A44F-8AFC632C0FF8}.Debug|Any CPU.ActiveCfg = Debug|Any CPU
		{605F25B4-F94D-4A8D-A44F-8AFC632C0FF8}.Debug|Any CPU.Build.0 = Debug|Any CPU
		{605F25B4-F94D-4A8D-A44F-8AFC632C0FF8}.Release|Any CPU.ActiveCfg = Release|Any CPU
		{605F25B4-F94D-4A8D-A44F-8AFC632C0FF8}.Release|Any CPU.Build.0 = Release|Any CPU
	EndGlobalSection
	GlobalSection(SolutionProperties) = preSolution
		HideSolutionNode = FALSE
	EndGlobalSection
	GlobalSection(ExtensibilityGlobals) = postSolution
		SolutionGuid = {873C3D4C-58CE-42E3-9CA8-224AFAE02617}
	EndGlobalSection
EndGlobal
